<?xml version="1.0" encoding="UTF-8" standalone="yes" ?>
<CodeBlocks_project_file>
	<FileVersion major="1" minor="6" />
	<Project>
		<Option title="TesSOIL" />
		<Option pch_mode="2" />
		<Option compiler="gcc" />
		<Build>
			<Target title="Debug">
				<Option output="bin/Debug/TesSOIL" prefix_auto="1" extension_auto="1" />
				<Option object_output="obj/Debug/" />
				<Option type="1" />
				<Option compiler="gcc" />
				<Compiler>
					<Add option="-g" />
					<Add directory="C:/Program Files (x86)/CodeBlocks/MinGW/include" />
				</Compiler>
				<Linker>
					<Add library="freeglut" />
					<Add directory="C:/Program Files (x86)/CodeBlocks/MinGW/lib" />
				</Linker>
			</Target>
			<Target title="Release">
				<Option output="bin/Release/TesSOIL" prefix_auto="1" extension_auto="1" />
				<Option object_output="obj/Release/" />
				<Option type="0" />
				<Option compiler="gcc" />
				<Compiler>
					<Add option="-O2" />
				</Compiler>
				<Linker>
					<Add option="-s" />
				</Linker>
			</Target>
		</Build>
		<Compiler>
			<Add option="-Wall" />
		</Compiler>
		<Linker>
			<Add library="opengl32" />
			<Add library="glu32" />
			<Add library="gdi32" />
		</Linker>
		<Unit filename="img_test.png" />
		<Unit filename="main.c">
			<Option compilerVar="CC" />
		</Unit>
		<Unit filename="soil/SOIL.c">
			<Option compilerVar="CC" />
		</Unit>
		<Unit filename="soil/SOIL.h" />
		<Unit filename="soil/image_DXT.c">
			<Option compilerVar="CC" />
		</Unit>
		<Unit filename="soil/image_DXT.h" />
		<Unit filename="soil/image_helper.c">
			<Option compilerVar="CC" />
		</Unit>
		<Unit filename="soil/image_helper.h" />
		<Unit filename="soil/stb_image_aug.c">
			<Option compilerVar="CC" />
		</Unit>
		<Unit filename="soil/stb_image_aug.h" />
		<Unit filename="soil/stbi_DDS_aug.h" />
		<Unit filename="soil/stbi_DDS_aug_c.h" />
		<Extensions>
			<code_completion />
			<envvars />
			<debugger />
			<lib_finder disable_auto="1" />
		</Extensions>
	</Project>
</CodeBlocks_project_file>
